// !$*UTF8*$!
{
	archiveVersion = 1;
	classes = {
	};
	objectVersion = 55;
	objects = {

/* Begin PBXBuildFile section */
		B6657D5A2742740300338FC8 /* Bucket_ListApp.swift in Sources */ = {isa = PBXBuildFile; fileRef = B6657D592742740300338FC8 /* Bucket_ListApp.swift */; };
		B6657D5C2742740300338FC8 /* ContentView.swift in Sources */ = {isa = PBXBuildFile; fileRef = B6657D5B2742740300338FC8 /* ContentView.swift */; };
		B6657D5E2742740600338FC8 /* Assets.xcassets in Resources */ = {isa = PBXBuildFile; fileRef = B6657D5D2742740600338FC8 /* Assets.xcassets */; };
		B6657D612742740600338FC8 /* Preview Assets.xcassets in Resources */ = {isa = PBXBuildFile; fileRef = B6657D602742740600338FC8 /* Preview Assets.xcassets */; };
		B6657D6B2742740600338FC8 /* Bucket_ListTests.swift in Sources */ = {isa = PBXBuildFile; fileRef = B6657D6A2742740600338FC8 /* Bucket_ListTests.swift */; };
		B6657D752742740600338FC8 /* Bucket_ListUITests.swift in Sources */ = {isa = PBXBuildFile; fileRef = B6657D742742740600338FC8 /* Bucket_ListUITests.swift */; };
		B6657D772742740600338FC8 /* Bucket_ListUITestsLaunchTests.swift in Sources */ = {isa = PBXBuildFile; fileRef = B6657D762742740600338FC8 /* Bucket_ListUITestsLaunchTests.swift */; };
		B6657D8427428E3F00338FC8 /* MapView.swift in Sources */ = {isa = PBXBuildFile; fileRef = B6657D8327428E3F00338FC8 /* MapView.swift */; };
/* End PBXBuildFile section */

/* Begin PBXContainerItemProxy section */
		B6657D672742740600338FC8 /* PBXContainerItemProxy */ = {
			isa = PBXContainerItemProxy;
			containerPortal = B6657D4E2742740300338FC8 /* Project object */;
			proxyType = 1;
			remoteGlobalIDString = B6657D552742740300338FC8;
			remoteInfo = "Bucket List";
		};
		B6657D712742740600338FC8 /* PBXContainerItemProxy */ = {
			isa = PBXContainerItemProxy;
			containerPortal = B6657D4E2742740300338FC8 /* Project object */;
			proxyType = 1;
			remoteGlobalIDString = B6657D552742740300338FC8;
			remoteInfo = "Bucket List";
		};
/* End PBXContainerItemProxy section */

/* Begin PBXFileReference section */
		B6657D562742740300338FC8 /* Bucket List.app */ = {isa = PBXFileReference; explicitFileType = wrapper.application; includeInIndex = 0; path = "Bucket List.app"; sourceTree = BUILT_PRODUCTS_DIR; };
		B6657D592742740300338FC8 /* Bucket_ListApp.swift */ = {isa = PBXFileReference; lastKnownFileType = sourcecode.swift; path = Bucket_ListApp.swift; sourceTree = "<group>"; };
		B6657D5B2742740300338FC8 /* ContentView.swift */ = {isa = PBXFileReference; lastKnownFileType = sourcecode.swift; path = ContentView.swift; sourceTree = "<group>"; };
		B6657D5D2742740600338FC8 /* Assets.xcassets */ = {isa = PBXFileReference; lastKnownFileType = folder.assetcatalog; path = Assets.xcassets; sourceTree = "<group>"; };
		B6657D602742740600338FC8 /* Preview Assets.xcassets */ = {isa = PBXFileReference; lastKnownFileType = folder.assetcatalog; path = "Preview Assets.xcassets"; sourceTree = "<group>"; };
		B6657D662742740600338FC8 /* Bucket ListTests.xctest */ = {isa = PBXFileReference; explicitFileType = wrapper.cfbundle; includeInIndex = 0; path = "Bucket ListTests.xctest"; sourceTree = BUILT_PRODUCTS_DIR; };
		B6657D6A2742740600338FC8 /* Bucket_ListTests.swift */ = {isa = PBXFileReference; lastKnownFileType = sourcecode.swift; path = Bucket_ListTests.swift; sourceTree = "<group>"; };
		B6657D702742740600338FC8 /* Bucket ListUITests.xctest */ = {isa = PBXFileReference; explicitFileType = wrapper.cfbundle; includeInIndex = 0; path = "Bucket ListUITests.xctest"; sourceTree = BUILT_PRODUCTS_DIR; };
		B6657D742742740600338FC8 /* Bucket_ListUITests.swift */ = {isa = PBXFileReference; lastKnownFileType = sourcecode.swift; path = Bucket_ListUITests.swift; sourceTree = "<group>"; };
		B6657D762742740600338FC8 /* Bucket_ListUITestsLaunchTests.swift */ = {isa = PBXFileReference; lastKnownFileType = sourcecode.swift; path = Bucket_ListUITestsLaunchTests.swift; sourceTree = "<group>"; };
		B6657D8327428E3F00338FC8 /* MapView.swift */ = {isa = PBXFileReference; lastKnownFileType = sourcecode.swift; path = MapView.swift; sourceTree = "<group>"; };
/* End PBXFileReference section */

/* Begin PBXFrameworksBuildPhase section */
		B6657D532742740300338FC8 /* Frameworks */ = {
			isa = PBXFrameworksBuildPhase;
			buildActionMask = 2147483647;
			files = (
			);
			runOnlyForDeploymentPostprocessing = 0;
		};
		B6657D632742740600338FC8 /* Frameworks */ = {
			isa = PBXFrameworksBuildPhase;
			buildActionMask = 2147483647;
			files = (
			);
			runOnlyForDeploymentPostprocessing = 0;
		};
		B6657D6D2742740600338FC8 /* Frameworks */ = {
			isa = PBXFrameworksBuildPhase;
			buildActionMask = 2147483647;
			files = (
			);
			runOnlyForDeploymentPostprocessing = 0;
		};
/* End PBXFrameworksBuildPhase section */

/* Begin PBXGroup section */
		B6657D4D2742740300338FC8 = {
			isa = PBXGroup;
			children = (
				B6657D582742740300338FC8 /* Bucket List */,
				B6657D692742740600338FC8 /* Bucket ListTests */,
				B6657D732742740600338FC8 /* Bucket ListUITests */,
				B6657D572742740300338FC8 /* Products */,
			);
			sourceTree = "<group>";
		};
		B6657D572742740300338FC8 /* Products */ = {
			isa = PBXGroup;
			children = (
				B6657D562742740300338FC8 /* Bucket List.app */,
				B6657D662742740600338FC8 /* Bucket ListTests.xctest */,
				B6657D702742740600338FC8 /* Bucket ListUITests.xctest */,
			);
			name = Products;
			sourceTree = "<group>";
		};
		B6657D582742740300338FC8 /* Bucket List */ = {
			isa = PBXGroup;
			children = (
				B6657D592742740300338FC8 /* Bucket_ListApp.swift */,
				B6657D5B2742740300338FC8 /* ContentView.swift */,
				B6657D8327428E3F00338FC8 /* MapView.swift */,
				B6657D5D2742740600338FC8 /* Assets.xcassets */,
				B6657D5F2742740600338FC8 /* Preview Content */,
			);
			path = "Bucket List";
			sourceTree = "<group>";
		};
		B6657D5F2742740600338FC8 /* Preview Content */ = {
			isa = PBXGroup;
			children = (
				B6657D602742740600338FC8 /* Preview Assets.xcassets */,
			);
			path = "Preview Content";
			sourceTree = "<group>";
		};
		B6657D692742740600338FC8 /* Bucket ListTests */ = {
			isa = PBXGroup;
			children = (
				B6657D6A2742740600338FC8 /* Bucket_ListTests.swift */,
			);
			path = "Bucket ListTests";
			sourceTree = "<group>";
		};
		B6657D732742740600338FC8 /* Bucket ListUITests */ = {
			isa = PBXGroup;
			children = (
				B6657D742742740600338FC8 /* Bucket_ListUITests.swift */,
				B6657D762742740600338FC8 /* Bucket_ListUITestsLaunchTests.swift */,
			);
			path = "Bucket ListUITests";
			sourceTree = "<group>";
		};
/* End PBXGroup section */

/* Begin PBXNativeTarget section */
		B6657D552742740300338FC8 /* Bucket List */ = {
			isa = PBXNativeTarget;
			buildConfigurationList = B6657D7A2742740600338FC8 /* Build configuration list for PBXNativeTarget "Bucket List" */;
			buildPhases = (
				B6657D522742740300338FC8 /* Sources */,
				B6657D532742740300338FC8 /* Frameworks */,
				B6657D542742740300338FC8 /* Resources */,
			);
			buildRules = (
			);
			dependencies = (
			);
			name = "Bucket List";
			productName = "Bucket List";
			productReference = B6657D562742740300338FC8 /* Bucket List.app */;
			productType = "com.apple.product-type.application";
		};
		B6657D652742740600338FC8 /* Bucket ListTests */ = {
			isa = PBXNativeTarget;
			buildConfigurationList = B6657D7D2742740600338FC8 /* Build configuration list for PBXNativeTarget "Bucket ListTests" */;
			buildPhases = (
				B6657D622742740600338FC8 /* Sources */,
				B6657D632742740600338FC8 /* Frameworks */,
				B6657D642742740600338FC8 /* Resources */,
			);
			buildRules = (
			);
			dependencies = (
				B6657D682742740600338FC8 /* PBXTargetDependency */,
			);
			name = "Bucket ListTests";
			productName = "Bucket ListTests";
			productReference = B6657D662742740600338FC8 /* Bucket ListTests.xctest */;
			productType = "com.apple.product-type.bundle.unit-test";
		};
		B6657D6F2742740600338FC8 /* Bucket ListUITests */ = {
			isa = PBXNativeTarget;
			buildConfigurationList = B6657D802742740600338FC8 /* Build configuration list for PBXNativeTarget "Bucket ListUITests" */;
			buildPhases = (
				B6657D6C2742740600338FC8 /* Sources */,
				B6657D6D2742740600338FC8 /* Frameworks */,
				B6657D6E2742740600338FC8 /* Resources */,
			);
			buildRules = (
			);
			dependencies = (
				B6657D722742740600338FC8 /* PBXTargetDependency */,
			);
			name = "Bucket ListUITests";
			productName = "Bucket ListUITests";
			productReference = B6657D702742740600338FC8 /* Bucket ListUITests.xctest */;
			productType = "com.apple.product-type.bundle.ui-testing";
		};
/* End PBXNativeTarget section */

/* Begin PBXProject section */
		B6657D4E2742740300338FC8 /* Project object */ = {
			isa = PBXProject;
			attributes = {
				BuildIndependentTargetsInParallel = 1;
				LastSwiftUpdateCheck = 1310;
				LastUpgradeCheck = 1310;
				TargetAttributes = {
					B6657D552742740300338FC8 = {
						CreatedOnToolsVersion = 13.1;
					};
					B6657D652742740600338FC8 = {
						CreatedOnToolsVersion = 13.1;
						TestTargetID = B6657D552742740300338FC8;
					};
					B6657D6F2742740600338FC8 = {
						CreatedOnToolsVersion = 13.1;
						TestTargetID = B6657D552742740300338FC8;
					};
				};
			};
			buildConfigurationList = B6657D512742740300338FC8 /* Build configuration list for PBXProject "Bucket List" */;
			compatibilityVersion = "Xcode 13.0";
			developmentRegion = en;
			hasScannedForEncodings = 0;
			knownRegions = (
				en,
				Base,
			);
			mainGroup = B6657D4D2742740300338FC8;
			productRefGroup = B6657D572742740300338FC8 /* Products */;
			projectDirPath = "";
			projectRoot = "";
			targets = (
				B6657D552742740300338FC8 /* Bucket List */,
				B6657D652742740600338FC8 /* Bucket ListTests */,
				B6657D6F2742740600338FC8 /* Bucket ListUITests */,
			);
		};
/* End PBXProject section */

/* Begin PBXResourcesBuildPhase section */
		B6657D542742740300338FC8 /* Resources */ = {
			isa = PBXResourcesBuildPhase;
			buildActionMask = 2147483647;
			files = (
				B6657D612742740600338FC8 /* Preview Assets.xcassets in Resources */,
				B6657D5E2742740600338FC8 /* Assets.xcassets in Resources */,
			);
			runOnlyForDeploymentPostprocessing = 0;
		};
		B6657D642742740600338FC8 /* Resources */ = {
			isa = PBXResourcesBuildPhase;
			buildActionMask = 2147483647;
			files = (
			);
			runOnlyForDeploymentPostprocessing = 0;
		};
		B6657D6E2742740600338FC8 /* Resources */ = {
			isa = PBXResourcesBuildPhase;
			buildActionMask = 2147483647;
			files = (
			);
			runOnlyForDeploymentPostprocessing = 0;
		};
/* End PBXResourcesBuildPhase section */

/* Begin PBXSourcesBuildPhase section */
		B6657D522742740300338FC8 /* Sources */ = {
			isa = PBXSourcesBuildPhase;
			buildActionMask = 2147483647;
			files = (
				B6657D5C2742740300338FC8 /* ContentView.swift in Sources */,
				B6657D8427428E3F00338FC8 /* MapView.swift in Sources */,
				B6657D5A2742740300338FC8 /* Bucket_ListApp.swift in Sources */,
			);
			runOnlyForDeploymentPostprocessing = 0;
		};
		B6657D622742740600338FC8 /* Sources */ = {
			isa = PBXSourcesBuildPhase;
			buildActionMask = 2147483647;
			files = (
				B6657D6B2742740600338FC8 /* Bucket_ListTests.swift in Sources */,
			);
			runOnlyForDeploymentPostprocessing = 0;
		};
		B6657D6C2742740600338FC8 /* Sources */ = {
			isa = PBXSourcesBuildPhase;
			buildActionMask = 2147483647;
			files = (
				B6657D772742740600338FC8 /* Bucket_ListUITestsLaunchTests.swift in Sources */,
				B6657D752742740600338FC8 /* Bucket_ListUITests.swift in Sources */,
			);
			runOnlyForDeploymentPostprocessing = 0;
		};
/* End PBXSourcesBuildPhase section */

/* Begin PBXTargetDependency section */
		B6657D682742740600338FC8 /* PBXTargetDependency */ = {
			isa = PBXTargetDependency;
			target = B6657D552742740300338FC8 /* Bucket List */;
			targetProxy = B6657D672742740600338FC8 /* PBXContainerItemProxy */;
		};
		B6657D722742740600338FC8 /* PBXTargetDependency */ = {
			isa = PBXTargetDependency;
			target = B6657D552742740300338FC8 /* Bucket List */;
			targetProxy = B6657D712742740600338FC8 /* PBXContainerItemProxy */;
		};
/* End PBXTargetDependency section */

/* Begin XCBuildConfiguration section */
		B6657D782742740600338FC8 /* Debug */ = {
			isa = XCBuildConfiguration;
			buildSettings = {
				ALWAYS_SEARCH_USER_PATHS = NO;
				CLANG_ANALYZER_NONNULL = YES;
				CLANG_ANALYZER_NUMBER_OBJECT_CONVERSION = YES_AGGRESSIVE;
				CLANG_CXX_LANGUAGE_STANDARD = "gnu++17";
				CLANG_CXX_LIBRARY = "libc++";
				CLANG_ENABLE_MODULES = YES;
				CLANG_ENABLE_OBJC_ARC = YES;
				CLANG_ENABLE_OBJC_WEAK = YES;
				CLANG_WARN_BLOCK_CAPTURE_AUTORELEASING = YES;
				CLANG_WARN_BOOL_CONVERSION = YES;
				CLANG_WARN_COMMA = YES;
				CLANG_WARN_CONSTANT_CONVERSION = YES;
				CLANG_WARN_DEPRECATED_OBJC_IMPLEMENTATIONS = YES;
				CLANG_WARN_DIRECT_OBJC_ISA_USAGE = YES_ERROR;
				CLANG_WARN_DOCUMENTATION_COMMENTS = YES;
				CLANG_WARN_EMPTY_BODY = YES;
				CLANG_WARN_ENUM_CONVERSION = YES;
				CLANG_WARN_INFINITE_RECURSION = YES;
				CLANG_WARN_INT_CONVERSION = YES;
				CLANG_WARN_NON_LITERAL_NULL_CONVERSION = YES;
				CLANG_WARN_OBJC_IMPLICIT_RETAIN_SELF = YES;
				CLANG_WARN_OBJC_LITERAL_CONVERSION = YES;
				CLANG_WARN_OBJC_ROOT_CLASS = YES_ERROR;
				CLANG_WARN_QUOTED_INCLUDE_IN_FRAMEWORK_HEADER = YES;
				CLANG_WARN_RANGE_LOOP_ANALYSIS = YES;
				CLANG_WARN_STRICT_PROTOTYPES = YES;
				CLANG_WARN_SUSPICIOUS_MOVE = YES;
				CLANG_WARN_UNGUARDED_AVAILABILITY = YES_AGGRESSIVE;
				CLANG_WARN_UNREACHABLE_CODE = YES;
				CLANG_WARN__DUPLICATE_METHOD_MATCH = YES;
				COPY_PHASE_STRIP = NO;
				DEBUG_INFORMATION_FORMAT = dwarf;
				ENABLE_STRICT_OBJC_MSGSEND = YES;
				ENABLE_TESTABILITY = YES;
				GCC_C_LANGUAGE_STANDARD = gnu11;
				GCC_DYNAMIC_NO_PIC = NO;
				GCC_NO_COMMON_BLOCKS = YES;
				GCC_OPTIMIZATION_LEVEL = 0;
				GCC_PREPROCESSOR_DEFINITIONS = (
					"DEBUG=1",
					"$(inherited)",
				);
				GCC_WARN_64_TO_32_BIT_CONVERSION = YES;
				GCC_WARN_ABOUT_RETURN_TYPE = YES_ERROR;
				GCC_WARN_UNDECLARED_SELECTOR = YES;
				GCC_WARN_UNINITIALIZED_AUTOS = YES_AGGRESSIVE;
				GCC_WARN_UNUSED_FUNCTION = YES;
				GCC_WARN_UNUSED_VARIABLE = YES;
				IPHONEOS_DEPLOYMENT_TARGET = 15.0;
				MTL_ENABLE_DEBUG_INFO = INCLUDE_SOURCE;
				MTL_FAST_MATH = YES;
				ONLY_ACTIVE_ARCH = YES;
				SDKROOT = iphoneos;
				SWIFT_ACTIVE_COMPILATION_CONDITIONS = DEBUG;
				SWIFT_OPTIMIZATION_LEVEL = "-Onone";
			};
			name = Debug;
		};
		B6657D792742740600338FC8 /* Release */ = {
			isa = XCBuildConfiguration;
			buildSettings = {
				ALWAYS_SEARCH_USER_PATHS = NO;
				CLANG_ANALYZER_NONNULL = YES;
				CLANG_ANALYZER_NUMBER_OBJECT_CONVERSION = YES_AGGRESSIVE;
				CLANG_CXX_LANGUAGE_STANDARD = "gnu++17";
				CLANG_CXX_LIBRARY = "libc++";
				CLANG_ENABLE_MODULES = YES;
				CLANG_ENABLE_OBJC_ARC = YES;
				CLANG_ENABLE_OBJC_WEAK = YES;
				CLANG_WARN_BLOCK_CAPTURE_AUTORELEASING = YES;
				CLANG_WARN_BOOL_CONVERSION = YES;
				CLANG_WARN_COMMA = YES;
				CLANG_WARN_CONSTANT_CONVERSION = YES;
				CLANG_WARN_DEPRECATED_OBJC_IMPLEMENTATIONS = YES;
				CLANG_WARN_DIRECT_OBJC_ISA_USAGE = YES_ERROR;
				CLANG_WARN_DOCUMENTATION_COMMENTS = YES;
				CLANG_WARN_EMPTY_BODY = YES;
				CLANG_WARN_ENUM_CONVERSION = YES;
				CLANG_WARN_INFINITE_RECURSION = YES;
				CLANG_WARN_INT_CONVERSION = YES;
				CLANG_WARN_NON_LITERAL_NULL_CONVERSION = YES;
				CLANG_WARN_OBJC_IMPLICIT_RETAIN_SELF = YES;
				CLANG_WARN_OBJC_LITERAL_CONVERSION = YES;
				CLANG_WARN_OBJC_ROOT_CLASS = YES_ERROR;
				CLANG_WARN_QUOTED_INCLUDE_IN_FRAMEWORK_HEADER = YES;
				CLANG_WARN_RANGE_LOOP_ANALYSIS = YES;
				CLANG_WARN_STRICT_PROTOTYPES = YES;
				CLANG_WARN_SUSPICIOUS_MOVE = YES;
				CLANG_WARN_UNGUARDED_AVAILABILITY = YES_AGGRESSIVE;
				CLANG_WARN_UNREACHABLE_CODE = YES;
				CLANG_WARN__DUPLICATE_METHOD_MATCH = YES;
				COPY_PHASE_STRIP = NO;
				DEBUG_INFORMATION_FORMAT = "dwarf-with-dsym";
				ENABLE_NS_ASSERTIONS = NO;
				ENABLE_STRICT_OBJC_MSGSEND = YES;
				GCC_C_LANGUAGE_STANDARD = gnu11;
				GCC_NO_COMMON_BLOCKS = YES;
				GCC_WARN_64_TO_32_BIT_CONVERSION = YES;
				GCC_WARN_ABOUT_RETURN_TYPE = YES_ERROR;
				GCC_WARN_UNDECLARED_SELECTOR = YES;
				GCC_WARN_UNINITIALIZED_AUTOS = YES_AGGRESSIVE;
				GCC_WARN_UNUSED_FUNCTION = YES;
				GCC_WARN_UNUSED_VARIABLE = YES;
				IPHONEOS_DEPLOYMENT_TARGET = 15.0;
				MTL_ENABLE_DEBUG_INFO = NO;
				MTL_FAST_MATH = YES;
				SDKROOT = iphoneos;
				SWIFT_COMPILATION_MODE = wholemodule;
				SWIFT_OPTIMIZATION_LEVEL = "-O";
				VALIDATE_PRODUCT = YES;
			};
			name = Release;
		};
		B6657D7B2742740600338FC8 /* Debug */ = {
			isa = XCBuildConfiguration;
			buildSettings = {
				ASSETCATALOG_COMPILER_APPICON_NAME = AppIcon;
				ASSETCATALOG_COMPILER_GLOBAL_ACCENT_COLOR_NAME = AccentColor;
				CODE_SIGN_STYLE = Automatic;
				CURRENT_PROJECT_VERSION = 1;
				DEVELOPMENT_ASSET_PATHS = "\"Bucket List/Preview Content\"";
				DEVELOPMENT_TEAM = 2FRR58PFB2;
				ENABLE_PREVIEWS = YES;
				GENERATE_INFOPLIST_FILE = YES;
				INFOPLIST_KEY_NSFaceIDUsageDescription = "We need to unlock your data.";
				INFOPLIST_KEY_UIApplicationSceneManifest_Generation = YES;
				INFOPLIST_KEY_UIApplicationSupportsIndirectInputEvents = YES;
				INFOPLIST_KEY_UILaunchScreen_Generation = YES;
				INFOPLIST_KEY_UISupportedInterfaceOrientations_iPad = "UIInterfaceOrientationPortrait UIInterfaceOrientationPortraitUpsideDown UIInterfaceOrientationLandscapeLeft UIInterfaceOrientationLandscapeRight";
				INFOPLIST_KEY_UISupportedInterfaceOrientations_iPhone = "UIInterfaceOrientationPortrait UIInterfaceOrientationLandscapeLeft UIInterfaceOrientationLandscapeRight";
				LD_RUNPATH_SEARCH_PATHS = (
					"$(inherited)",
					"@executable_path/Frameworks",
				);
				MARKETING_VERSION = 1.0;
				PRODUCT_BUNDLE_IDENTIFIER = "com.yashpoojary.Bucket-List";
				PRODUCT_NAME = "$(TARGET_NAME)";
				SWIFT_EMIT_LOC_STRINGS = YES;
				SWIFT_VERSION = 5.0;
				TARGETED_DEVICE_FAMILY = "1,2";
			};
			name = Debug;
		};
		B6657D7C2742740600338FC8 /* Release */ = {
			isa = XCBuildConfiguration;
			buildSettings = {
				ASSETCATALOG_COMPILER_APPICON_NAME = AppIcon;
				ASSETCATALOG_COMPILER_GLOBAL_ACCENT_COLOR_NAME = AccentColor;
				CODE_SIGN_STYLE = Automatic;
				CURRENT_PROJECT_VERSION = 1;
				DEVELOPMENT_ASSET_PATHS = "\"Bucket List/Preview Content\"";
				DEVELOPMENT_TEAM = 2FRR58PFB2;
				ENABLE_PREVIEWS = YES;
				GENERATE_INFOPLIST_FILE = YES;
				INFOPLIST_KEY_NSFaceIDUsageDescription = "We need to unlock your data.";
				INFOPLIST_KEY_UIApplicationSceneManifest_Generation = YES;
				INFOPLIST_KEY_UIApplicationSupportsIndirectInputEvents = YES;
				INFOPLIST_KEY_UILaunchScreen_Generation = YES;
				INFOPLIST_KEY_UISupportedInterfaceOrientations_iPad = "UIInterfaceOrientationPortrait UIInterfaceOrientationPortraitUpsideDown UIInterfaceOrientationLandscapeLeft UIInterfaceOrientationLandscapeRight";
				INFOPLIST_KEY_UISupportedInterfaceOrientations_iPhone = "UIInterfaceOrientationPortrait UIInterfaceOrientationLandscapeLeft UIInterfaceOrientationLandscapeRight";
				LD_RUNPATH_SEARCH_PATHS = (
					"$(inherited)",
					"@executable_path/Frameworks",
				);
				MARKETING_VERSION = 1.0;
				PRODUCT_BUNDLE_IDENTIFIER = "com.yashpoojary.Bucket-List";
				PRODUCT_NAME = "$(TARGET_NAME)";
				SWIFT_EMIT_LOC_STRINGS = YES;
				SWIFT_VERSION = 5.0;
				TARGETED_DEVICE_FAMILY = "1,2";
			};
			name = Release;
		};
		B6657D7E2742740600338FC8 /* Debug */ = {
			isa = XCBuildConfiguration;
			buildSettings = {
				ALWAYS_EMBED_SWIFT_STANDARD_LIBRARIES = YES;
				BUNDLE_LOADER = "$(TEST_HOST)";
				CODE_SIGN_STYLE = Automatic;
				CURRENT_PROJECT_VERSION = 1;
				DEVELOPMENT_TEAM = 2FRR58PFB2;
				GENERATE_INFOPLIST_FILE = YES;
				IPHONEOS_DEPLOYMENT_TARGET = 15.0;
				LD_RUNPATH_SEARCH_PATHS = (
					"$(inherited)",
					"@executable_path/Frameworks",
					"@loader_path/Frameworks",
				);
				MARKETING_VERSION = 1.0;
				PRODUCT_BUNDLE_IDENTIFIER = "com.yashpoojary.Bucket-ListTests";
				PRODUCT_NAME = "$(TARGET_NAME)";
				SWIFT_EMIT_LOC_STRINGS = NO;
				SWIFT_VERSION = 5.0;
				TARGETED_DEVICE_FAMILY = "1,2";
				TEST_HOST = "$(BUILT_PRODUCTS_DIR)/Bucket List.app/Bucket List";
			};
			name = Debug;
		};
		B6657D7F2742740600338FC8 /* Release */ = {
			isa = XCBuildConfiguration;
			buildSettings = {
				ALWAYS_EMBED_SWIFT_STANDARD_LIBRARIES = YES;
				BUNDLE_LOADER = "$(TEST_HOST)";
				CODE_SIGN_STYLE = Automatic;
				CURRENT_PROJECT_VERSION = 1;
				DEVELOPMENT_TEAM = 2FRR58PFB2;
				GENERATE_INFOPLIST_FILE = YES;
				IPHONEOS_DEPLOYMENT_TARGET = 15.0;
				LD_RUNPATH_SEARCH_PATHS = (
					"$(inherited)",
					"@executable_path/Frameworks",
					"@loader_path/Frameworks",
				);
				MARKETING_VERSION = 1.0;
				PRODUCT_BUNDLE_IDENTIFIER = "com.yashpoojary.Bucket-ListTests";
				PRODUCT_NAME = "$(TARGET_NAME)";
				SWIFT_EMIT_LOC_STRINGS = NO;
				SWIFT_VERSION = 5.0;
				TARGETED_DEVICE_FAMILY = "1,2";
				TEST_HOST = "$(BUILT_PRODUCTS_DIR)/Bucket List.app/Bucket List";
			};
			name = Release;
		};
		B6657D812742740600338FC8 /* Debug */ = {
			isa = XCBuildConfiguration;
			buildSettings = {
				ALWAYS_EMBED_SWIFT_STANDARD_LIBRARIES = YES;
				CODE_SIGN_STYLE = Automatic;
				CURRENT_PROJECT_VERSION = 1;
				DEVELOPMENT_TEAM = 2FRR58PFB2;
				GENERATE_INFOPLIST_FILE = YES;
				LD_RUNPATH_SEARCH_PATHS = (
					"$(inherited)",
					"@executable_path/Frameworks",
					"@loader_path/Frameworks",
				);
				MARKETING_VERSION = 1.0;
				PRODUCT_BUNDLE_IDENTIFIER = "com.yashpoojary.Bucket-ListUITests";
				PRODUCT_NAME = "$(TARGET_NAME)";
				SWIFT_EMIT_LOC_STRINGS = NO;
				SWIFT_VERSION = 5.0;
				TARGETED_DEVICE_FAMILY = "1,2";
				TEST_TARGET_NAME = "Bucket List";
			};
			name = Debug;
		};
		B6657D822742740600338FC8 /* Release */ = {
			isa = XCBuildConfiguration;
			buildSettings = {
				ALWAYS_EMBED_SWIFT_STANDARD_LIBRARIES = YES;
				CODE_SIGN_STYLE = Automatic;
				CURRENT_PROJECT_VERSION = 1;
				DEVELOPMENT_TEAM = 2FRR58PFB2;
				GENERATE_INFOPLIST_FILE = YES;
				LD_RUNPATH_SEARCH_PATHS = (
					"$(inherited)",
					"@executable_path/Frameworks",
					"@loader_path/Frameworks",
				);
				MARKETING_VERSION = 1.0;
				PRODUCT_BUNDLE_IDENTIFIER = "com.yashpoojary.Bucket-ListUITests";
				PRODUCT_NAME = "$(TARGET_NAME)";
				SWIFT_EMIT_LOC_STRINGS = NO;
				SWIFT_VERSION = 5.0;
				TARGETED_DEVICE_FAMILY = "1,2";
				TEST_TARGET_NAME = "Bucket List";
			};
			name = Release;
		};
/* End XCBuildConfiguration section */

/* Begin XCConfigurationList section */
		B6657D512742740300338FC8 /* Build configuration list for PBXProject "Bucket List" */ = {
			isa = XCConfigurationList;
			buildConfigurations = (
				B6657D782742740600338FC8 /* Debug */,
				B6657D792742740600338FC8 /* Release */,
			);
			defaultConfigurationIsVisible = 0;
			defaultConfigurationName = Release;
		};
		B6657D7A2742740600338FC8 /* Build configuration list for PBXNativeTarget "Bucket List" */ = {
			isa = XCConfigurationList;
			buildConfigurations = (
				B6657D7B2742740600338FC8 /* Debug */,
				B6657D7C2742740600338FC8 /* Release */,
			);
			defaultConfigurationIsVisible = 0;
			defaultConfigurationName = Release;
		};
		B6657D7D2742740600338FC8 /* Build configuration list for PBXNativeTarget "Bucket ListTests" */ = {
			isa = XCConfigurationList;
			buildConfigurations = (
				B6657D7E2742740600338FC8 /* Debug */,
				B6657D7F2742740600338FC8 /* Release */,
			);
			defaultConfigurationIsVisible = 0;
			defaultConfigurationName = Release;
		};
		B6657D802742740600338FC8 /* Build configuration list for PBXNativeTarget "Bucket ListUITests" */ = {
			isa = XCConfigurationList;
			buildConfigurations = (
				B6657D812742740600338FC8 /* Debug */,
				B6657D822742740600338FC8 /* Release */,
			);
			defaultConfigurationIsVisible = 0;
			defaultConfigurationName = Release;
		};
/* End XCConfigurationList section */
	};
	rootObject = B6657D4E2742740300338FC8 /* Project object */;
}
